
Microsoft Visual Studio Solution File, Format Version 12.00
# Visual Studio Version 17
VisualStudioVersion = 17.6.33712.159
MinimumVisualStudioVersion = 10.0.40219.1
Project("{9A19103F-16F7-4668-BE54-9A1E7A4F7556}") = "Optimus.STFC.Transformers", "Optimus.STFC.Transformers.csproj", "{A37BE6E5-705F-476A-AA98-5E1A9E484482}"
EndProject
Global
	GlobalSection(SolutionConfigurationPlatforms) = preSolution
		Debug|Any CPU = Debug|Any CPU
		Release|Any CPU = Release|Any CPU
	EndGlobalSection
	GlobalSection(ProjectConfigurationPlatforms) = postSolution
		{A37BE6E5-705F-476A-AA98-5E1A9E484482}.Debug|Any CPU.ActiveCfg = Debug|Any CPU
		{A37BE6E5-705F-476A-AA98-5E1A9E484482}.Debug|Any CPU.Build.0 = Debug|Any CPU
		{A37BE6E5-705F-476A-AA98-5E1A9E484482}.Release|Any CPU.ActiveCfg = Release|Any CPU
		{A37BE6E5-705F-476A-AA98-5E1A9E484482}.Release|Any CPU.Build.0 = Release|Any CPU
	EndGlobalSection
	GlobalSection(SolutionProperties) = preSolution
		HideSolutionNode = FALSE
	EndGlobalSection
	GlobalSection(ExtensibilityGlobals) = postSolution
		SolutionGuid = {467DAB17-77C7-4262-856E-0716916C7555}
	EndGlobalSection
EndGlobal
